// !$*UTF8*$!
{
	archiveVersion = 1;
	classes = {
	};
	objectVersion = 50;
	objects = {

/* Begin PBXBuildFile section */
		85C879B2226B0608004504BE /* AppDelegate.m in Sources */ = {isa = PBXBuildFile; fileRef = 85C879B1226B0608004504BE /* AppDelegate.m */; };
		85C879B5226B0608004504BE /* ViewController.m in Sources */ = {isa = PBXBuildFile; fileRef = 85C879B4226B0608004504BE /* ViewController.m */; };
		85C879B8226B0608004504BE /* Main.storyboard in Resources */ = {isa = PBXBuildFile; fileRef = 85C879B6226B0608004504BE /* Main.storyboard */; };
		85C879BA226B0608004504BE /* Assets.xcassets in Resources */ = {isa = PBXBuildFile; fileRef = 85C879B9226B0608004504BE /* Assets.xcassets */; };
		85C879BD226B0608004504BE /* LaunchScreen.storyboard in Resources */ = {isa = PBXBuildFile; fileRef = 85C879BB226B0608004504BE /* LaunchScreen.storyboard */; };
		85C879C0226B0608004504BE /* main.m in Sources */ = {isa = PBXBuildFile; fileRef = 85C879BF226B0608004504BE /* main.m */; };
		85C879CA226B0609004504BE /* Demo02Tests.m in Sources */ = {isa = PBXBuildFile; fileRef = 85C879C9226B0609004504BE /* Demo02Tests.m */; };
		85C879D5226B0609004504BE /* Demo02UITests.m in Sources */ = {isa = PBXBuildFile; fileRef = 85C879D4226B0609004504BE /* Demo02UITests.m */; };
/* End PBXBuildFile section */

/* Begin PBXContainerItemProxy section */
		85C879C6226B0609004504BE /* PBXContainerItemProxy */ = {
			isa = PBXContainerItemProxy;
			containerPortal = 85C879A5226B0608004504BE /* Project object */;
			proxyType = 1;
			remoteGlobalIDString = 85C879AC226B0608004504BE;
			remoteInfo = Demo02;
		};
		85C879D1226B0609004504BE /* PBXContainerItemProxy */ = {
			isa = PBXContainerItemProxy;
			containerPortal = 85C879A5226B0608004504BE /* Project object */;
			proxyType = 1;
			remoteGlobalIDString = 85C879AC226B0608004504BE;
			remoteInfo = Demo02;
		};
/* End PBXContainerItemProxy section */

/* Begin PBXFileReference section */
		85C879AD226B0608004504BE /* Demo02.app */ = {isa = PBXFileReference; explicitFileType = wrapper.application; includeInIndex = 0; path = Demo02.app; sourceTree = BUILT_PRODUCTS_DIR; };
		85C879B0226B0608004504BE /* AppDelegate.h */ = {isa = PBXFileReference; lastKnownFileType = sourcecode.c.h; path = AppDelegate.h; sourceTree = "<group>"; };
		85C879B1226B0608004504BE /* AppDelegate.m */ = {isa = PBXFileReference; lastKnownFileType = sourcecode.c.objc; path = AppDelegate.m; sourceTree = "<group>"; };
		85C879B3226B0608004504BE /* ViewController.h */ = {isa = PBXFileReference; lastKnownFileType = sourcecode.c.h; path = ViewController.h; sourceTree = "<group>"; };
		85C879B4226B0608004504BE /* ViewController.m */ = {isa = PBXFileReference; lastKnownFileType = sourcecode.c.objc; path = ViewController.m; sourceTree = "<group>"; };
		85C879B7226B0608004504BE /* Base */ = {isa = PBXFileReference; lastKnownFileType = file.storyboard; name = Base; path = Base.lproj/Main.storyboard; sourceTree = "<group>"; };
		85C879B9226B0608004504BE /* Assets.xcassets */ = {isa = PBXFileReference; lastKnownFileType = folder.assetcatalog; path = Assets.xcassets; sourceTree = "<group>"; };
		85C879BC226B0608004504BE /* Base */ = {isa = PBXFileReference; lastKnownFileType = file.storyboard; name = Base; path = Base.lproj/LaunchScreen.storyboard; sourceTree = "<group>"; };
		85C879BE226B0608004504BE /* Info.plist */ = {isa = PBXFileReference; lastKnownFileType = text.plist.xml; path = Info.plist; sourceTree = "<group>"; };
		85C879BF226B0608004504BE /* main.m */ = {isa = PBXFileReference; lastKnownFileType = sourcecode.c.objc; path = main.m; sourceTree = "<group>"; };
		85C879C5226B0609004504BE /* Demo02Tests.xctest */ = {isa = PBXFileReference; explicitFileType = wrapper.cfbundle; includeInIndex = 0; path = Demo02Tests.xctest; sourceTree = BUILT_PRODUCTS_DIR; };
		85C879C9226B0609004504BE /* Demo02Tests.m */ = {isa = PBXFileReference; lastKnownFileType = sourcecode.c.objc; path = Demo02Tests.m; sourceTree = "<group>"; };
		85C879CB226B0609004504BE /* Info.plist */ = {isa = PBXFileReference; lastKnownFileType = text.plist.xml; path = Info.plist; sourceTree = "<group>"; };
		85C879D0226B0609004504BE /* Demo02UITests.xctest */ = {isa = PBXFileReference; explicitFileType = wrapper.cfbundle; includeInIndex = 0; path = Demo02UITests.xctest; sourceTree = BUILT_PRODUCTS_DIR; };
		85C879D4226B0609004504BE /* Demo02UITests.m */ = {isa = PBXFileReference; lastKnownFileType = sourcecode.c.objc; path = Demo02UITests.m; sourceTree = "<group>"; };
		85C879D6226B0609004504BE /* Info.plist */ = {isa = PBXFileReference; lastKnownFileType = text.plist.xml; path = Info.plist; sourceTree = "<group>"; };
/* End PBXFileReference section */

/* Begin PBXFrameworksBuildPhase section */
		85C879AA226B0608004504BE /* Frameworks */ = {
			isa = PBXFrameworksBuildPhase;
			buildActionMask = 2147483647;
			files = (
			);
			runOnlyForDeploymentPostprocessing = 0;
		};
		85C879C2226B0608004504BE /* Frameworks */ = {
			isa = PBXFrameworksBuildPhase;
			buildActionMask = 2147483647;
			files = (
			);
			runOnlyForDeploymentPostprocessing = 0;
		};
		85C879CD226B0609004504BE /* Frameworks */ = {
			isa = PBXFrameworksBuildPhase;
			buildActionMask = 2147483647;
			files = (
			);
			runOnlyForDeploymentPostprocessing = 0;
		};
/* End PBXFrameworksBuildPhase section */

/* Begin PBXGroup section */
		85C879A4226B0608004504BE = {
			isa = PBXGroup;
			children = (
				85C879AF226B0608004504BE /* Demo02 */,
				85C879C8226B0609004504BE /* Demo02Tests */,
				85C879D3226B0609004504BE /* Demo02UITests */,
				85C879AE226B0608004504BE /* Products */,
			);
			sourceTree = "<group>";
		};
		85C879AE226B0608004504BE /* Products */ = {
			isa = PBXGroup;
			children = (
				85C879AD226B0608004504BE /* Demo02.app */,
				85C879C5226B0609004504BE /* Demo02Tests.xctest */,
				85C879D0226B0609004504BE /* Demo02UITests.xctest */,
			);
			name = Products;
			sourceTree = "<group>";
		};
		85C879AF226B0608004504BE /* Demo02 */ = {
			isa = PBXGroup;
			children = (
				85C879B0226B0608004504BE /* AppDelegate.h */,
				85C879B1226B0608004504BE /* AppDelegate.m */,
				85C879B3226B0608004504BE /* ViewController.h */,
				85C879B4226B0608004504BE /* ViewController.m */,
				85C879B6226B0608004504BE /* Main.storyboard */,
				85C879B9226B0608004504BE /* Assets.xcassets */,
				85C879BB226B0608004504BE /* LaunchScreen.storyboard */,
				85C879BE226B0608004504BE /* Info.plist */,
				85C879BF226B0608004504BE /* main.m */,
			);
			path = Demo02;
			sourceTree = "<group>";
		};
		85C879C8226B0609004504BE /* Demo02Tests */ = {
			isa = PBXGroup;
			children = (
				85C879C9226B0609004504BE /* Demo02Tests.m */,
				85C879CB226B0609004504BE /* Info.plist */,
			);
			path = Demo02Tests;
			sourceTree = "<group>";
		};
		85C879D3226B0609004504BE /* Demo02UITests */ = {
			isa = PBXGroup;
			children = (
				85C879D4226B0609004504BE /* Demo02UITests.m */,
				85C879D6226B0609004504BE /* Info.plist */,
			);
			path = Demo02UITests;
			sourceTree = "<group>";
		};
/* End PBXGroup section */

/* Begin PBXNativeTarget section */
		85C879AC226B0608004504BE /* Demo02 */ = {
			isa = PBXNativeTarget;
			buildConfigurationList = 85C879D9226B0609004504BE /* Build configuration list for PBXNativeTarget "Demo02" */;
			buildPhases = (
				85C879A9226B0608004504BE /* Sources */,
				85C879AA226B0608004504BE /* Frameworks */,
				85C879AB226B0608004504BE /* Resources */,
			);
			buildRules = (
			);
			dependencies = (
			);
			name = Demo02;
			productName = Demo02;
			productReference = 85C879AD226B0608004504BE /* Demo02.app */;
			productType = "com.apple.product-type.application";
		};
		85C879C4226B0608004504BE /* Demo02Tests */ = {
			isa = PBXNativeTarget;
			buildConfigurationList = 85C879DC226B0609004504BE /* Build configuration list for PBXNativeTarget "Demo02Tests" */;
			buildPhases = (
				85C879C1226B0608004504BE /* Sources */,
				85C879C2226B0608004504BE /* Frameworks */,
				85C879C3226B0608004504BE /* Resources */,
			);
			buildRules = (
			);
			dependencies = (
				85C879C7226B0609004504BE /* PBXTargetDependency */,
			);
			name = Demo02Tests;
			productName = Demo02Tests;
			productReference = 85C879C5226B0609004504BE /* Demo02Tests.xctest */;
			productType = "com.apple.product-type.bundle.unit-test";
		};
		85C879CF226B0609004504BE /* Demo02UITests */ = {
			isa = PBXNativeTarget;
			buildConfigurationList = 85C879DF226B0609004504BE /* Build configuration list for PBXNativeTarget "Demo02UITests" */;
			buildPhases = (
				85C879CC226B0609004504BE /* Sources */,
				85C879CD226B0609004504BE /* Frameworks */,
				85C879CE226B0609004504BE /* Resources */,
			);
			buildRules = (
			);
			dependencies = (
				85C879D2226B0609004504BE /* PBXTargetDependency */,
			);
			name = Demo02UITests;
			productName = Demo02UITests;
			productReference = 85C879D0226B0609004504BE /* Demo02UITests.xctest */;
			productType = "com.apple.product-type.bundle.ui-testing";
		};
/* End PBXNativeTarget section */

/* Begin PBXProject section */
		85C879A5226B0608004504BE /* Project object */ = {
			isa = PBXProject;
			attributes = {
				LastUpgradeCheck = 1020;
				ORGANIZATIONNAME = huyiyong;
				TargetAttributes = {
					85C879AC226B0608004504BE = {
						CreatedOnToolsVersion = 10.2;
					};
					85C879C4226B0608004504BE = {
						CreatedOnToolsVersion = 10.2;
						TestTargetID = 85C879AC226B0608004504BE;
					};
					85C879CF226B0609004504BE = {
						CreatedOnToolsVersion = 10.2;
						TestTargetID = 85C879AC226B0608004504BE;
					};
				};
			};
			buildConfigurationList = 85C879A8226B0608004504BE /* Build configuration list for PBXProject "Demo02" */;
			compatibilityVersion = "Xcode 9.3";
			developmentRegion = en;
			hasScannedForEncodings = 0;
			knownRegions = (
				en,
				Base,
			);
			mainGroup = 85C879A4226B0608004504BE;
			productRefGroup = 85C879AE226B0608004504BE /* Products */;
			projectDirPath = "";
			projectRoot = "";
			targets = (
				85C879AC226B0608004504BE /* Demo02 */,
				85C879C4226B0608004504BE /* Demo02Tests */,
				85C879CF226B0609004504BE /* Demo02UITests */,
			);
		};
/* End PBXProject section */

/* Begin PBXResourcesBuildPhase section */
		85C879AB226B0608004504BE /* Resources */ = {
			isa = PBXResourcesBuildPhase;
			buildActionMask = 2147483647;
			files = (
				85C879BD226B0608004504BE /* LaunchScreen.storyboard in Resources */,
				85C879BA226B0608004504BE /* Assets.xcassets in Resources */,
				85C879B8226B0608004504BE /* Main.storyboard in Resources */,
			);
			runOnlyForDeploymentPostprocessing = 0;
		};
		85C879C3226B0608004504BE /* Resources */ = {
			isa = PBXResourcesBuildPhase;
			buildActionMask = 2147483647;
			files = (
			);
			runOnlyForDeploymentPostprocessing = 0;
		};
		85C879CE226B0609004504BE /* Resources */ = {
			isa = PBXResourcesBuildPhase;
			buildActionMask = 2147483647;
			files = (
			);
			runOnlyForDeploymentPostprocessing = 0;
		};
/* End PBXResourcesBuildPhase section */

/* Begin PBXSourcesBuildPhase section */
		85C879A9226B0608004504BE /* Sources */ = {
			isa = PBXSourcesBuildPhase;
			buildActionMask = 2147483647;
			files = (
				85C879B5226B0608004504BE /* ViewController.m in Sources */,
				85C879C0226B0608004504BE /* main.m in Sources */,
				85C879B2226B0608004504BE /* AppDelegate.m in Sources */,
			);
			runOnlyForDeploymentPostprocessing = 0;
		};
		85C879C1226B0608004504BE /* Sources */ = {
			isa = PBXSourcesBuildPhase;
			buildActionMask = 2147483647;
			files = (
				85C879CA226B0609004504BE /* Demo02Tests.m in Sources */,
			);
			runOnlyForDeploymentPostprocessing = 0;
		};
		85C879CC226B0609004504BE /* Sources */ = {
			isa = PBXSourcesBuildPhase;
			buildActionMask = 2147483647;
			files = (
				85C879D5226B0609004504BE /* Demo02UITests.m in Sources */,
			);
			runOnlyForDeploymentPostprocessing = 0;
		};
/* End PBXSourcesBuildPhase section */

/* Begin PBXTargetDependency section */
		85C879C7226B0609004504BE /* PBXTargetDependency */ = {
			isa = PBXTargetDependency;
			target = 85C879AC226B0608004504BE /* Demo02 */;
			targetProxy = 85C879C6226B0609004504BE /* PBXContainerItemProxy */;
		};
		85C879D2226B0609004504BE /* PBXTargetDependency */ = {
			isa = PBXTargetDependency;
			target = 85C879AC226B0608004504BE /* Demo02 */;
			targetProxy = 85C879D1226B0609004504BE /* PBXContainerItemProxy */;
		};
/* End PBXTargetDependency section */

/* Begin PBXVariantGroup section */
		85C879B6226B0608004504BE /* Main.storyboard */ = {
			isa = PBXVariantGroup;
			children = (
				85C879B7226B0608004504BE /* Base */,
			);
			name = Main.storyboard;
			sourceTree = "<group>";
		};
		85C879BB226B0608004504BE /* LaunchScreen.storyboard */ = {
			isa = PBXVariantGroup;
			children = (
				85C879BC226B0608004504BE /* Base */,
			);
			name = LaunchScreen.storyboard;
			sourceTree = "<group>";
		};
/* End PBXVariantGroup section */

/* Begin XCBuildConfiguration section */
		85C879D7226B0609004504BE /* Debug */ = {
			isa = XCBuildConfiguration;
			buildSettings = {
				ALWAYS_SEARCH_USER_PATHS = NO;
				CLANG_ANALYZER_NONNULL = YES;
				CLANG_ANALYZER_NUMBER_OBJECT_CONVERSION = YES_AGGRESSIVE;
				CLANG_CXX_LANGUAGE_STANDARD = "gnu++14";
				CLANG_CXX_LIBRARY = "libc++";
				CLANG_ENABLE_MODULES = YES;
				CLANG_ENABLE_OBJC_ARC = YES;
				CLANG_ENABLE_OBJC_WEAK = YES;
				CLANG_WARN_BLOCK_CAPTURE_AUTORELEASING = YES;
				CLANG_WARN_BOOL_CONVERSION = YES;
				CLANG_WARN_COMMA = YES;
				CLANG_WARN_CONSTANT_CONVERSION = YES;
				CLANG_WARN_DEPRECATED_OBJC_IMPLEMENTATIONS = YES;
				CLANG_WARN_DIRECT_OBJC_ISA_USAGE = YES_ERROR;
				CLANG_WARN_DOCUMENTATION_COMMENTS = YES;
				CLANG_WARN_EMPTY_BODY = YES;
				CLANG_WARN_ENUM_CONVERSION = YES;
				CLANG_WARN_INFINITE_RECURSION = YES;
				CLANG_WARN_INT_CONVERSION = YES;
				CLANG_WARN_NON_LITERAL_NULL_CONVERSION = YES;
				CLANG_WARN_OBJC_IMPLICIT_RETAIN_SELF = YES;
				CLANG_WARN_OBJC_LITERAL_CONVERSION = YES;
				CLANG_WARN_OBJC_ROOT_CLASS = YES_ERROR;
				CLANG_WARN_RANGE_LOOP_ANALYSIS = YES;
				CLANG_WARN_STRICT_PROTOTYPES = YES;
				CLANG_WARN_SUSPICIOUS_MOVE = YES;
				CLANG_WARN_UNGUARDED_AVAILABILITY = YES_AGGRESSIVE;
				CLANG_WARN_UNREACHABLE_CODE = YES;
				CLANG_WARN__DUPLICATE_METHOD_MATCH = YES;
				CODE_SIGN_IDENTITY = "iPhone Developer";
				COPY_PHASE_STRIP = NO;
				DEBUG_INFORMATION_FORMAT = dwarf;
				ENABLE_STRICT_OBJC_MSGSEND = YES;
				ENABLE_TESTABILITY = YES;
				GCC_C_LANGUAGE_STANDARD = gnu11;
				GCC_DYNAMIC_NO_PIC = NO;
				GCC_NO_COMMON_BLOCKS = YES;
				GCC_OPTIMIZATION_LEVEL = 0;
				GCC_PREPROCESSOR_DEFINITIONS = (
					"DEBUG=1",
					"$(inherited)",
				);
				GCC_WARN_64_TO_32_BIT_CONVERSION = YES;
				GCC_WARN_ABOUT_RETURN_TYPE = YES_ERROR;
				GCC_WARN_UNDECLARED_SELECTOR = YES;
				GCC_WARN_UNINITIALIZED_AUTOS = YES_AGGRESSIVE;
				GCC_WARN_UNUSED_FUNCTION = YES;
				GCC_WARN_UNUSED_VARIABLE = YES;
				IPHONEOS_DEPLOYMENT_TARGET = 12.2;
				MTL_ENABLE_DEBUG_INFO = INCLUDE_SOURCE;
				MTL_FAST_MATH = YES;
				ONLY_ACTIVE_ARCH = YES;
				SDKROOT = iphoneos;
			};
			name = Debug;
		};
		85C879D8226B0609004504BE /* Release */ = {
			isa = XCBuildConfiguration;
			buildSettings = {
				ALWAYS_SEARCH_USER_PATHS = NO;
				CLANG_ANALYZER_NONNULL = YES;
				CLANG_ANALYZER_NUMBER_OBJECT_CONVERSION = YES_AGGRESSIVE;
				CLANG_CXX_LANGUAGE_STANDARD = "gnu++14";
				CLANG_CXX_LIBRARY = "libc++";
				CLANG_ENABLE_MODULES = YES;
				CLANG_ENABLE_OBJC_ARC = YES;
				CLANG_ENABLE_OBJC_WEAK = YES;
				CLANG_WARN_BLOCK_CAPTURE_AUTORELEASING = YES;
				CLANG_WARN_BOOL_CONVERSION = YES;
				CLANG_WARN_COMMA = YES;
				CLANG_WARN_CONSTANT_CONVERSION = YES;
				CLANG_WARN_DEPRECATED_OBJC_IMPLEMENTATIONS = YES;
				CLANG_WARN_DIRECT_OBJC_ISA_USAGE = YES_ERROR;
				CLANG_WARN_DOCUMENTATION_COMMENTS = YES;
				CLANG_WARN_EMPTY_BODY = YES;
				CLANG_WARN_ENUM_CONVERSION = YES;
				CLANG_WARN_INFINITE_RECURSION = YES;
				CLANG_WARN_INT_CONVERSION = YES;
				CLANG_WARN_NON_LITERAL_NULL_CONVERSION = YES;
				CLANG_WARN_OBJC_IMPLICIT_RETAIN_SELF = YES;
				CLANG_WARN_OBJC_LITERAL_CONVERSION = YES;
				CLANG_WARN_OBJC_ROOT_CLASS = YES_ERROR;
				CLANG_WARN_RANGE_LOOP_ANALYSIS = YES;
				CLANG_WARN_STRICT_PROTOTYPES = YES;
				CLANG_WARN_SUSPICIOUS_MOVE = YES;
				CLANG_WARN_UNGUARDED_AVAILABILITY = YES_AGGRESSIVE;
				CLANG_WARN_UNREACHABLE_CODE = YES;
				CLANG_WARN__DUPLICATE_METHOD_MATCH = YES;
				CODE_SIGN_IDENTITY = "iPhone Developer";
				COPY_PHASE_STRIP = NO;
				DEBUG_INFORMATION_FORMAT = "dwarf-with-dsym";
				ENABLE_NS_ASSERTIONS = NO;
				ENABLE_STRICT_OBJC_MSGSEND = YES;
				GCC_C_LANGUAGE_STANDARD = gnu11;
				GCC_NO_COMMON_BLOCKS = YES;
				GCC_WARN_64_TO_32_BIT_CONVERSION = YES;
				GCC_WARN_ABOUT_RETURN_TYPE = YES_ERROR;
				GCC_WARN_UNDECLARED_SELECTOR = YES;
				GCC_WARN_UNINITIALIZED_AUTOS = YES_AGGRESSIVE;
				GCC_WARN_UNUSED_FUNCTION = YES;
				GCC_WARN_UNUSED_VARIABLE = YES;
				IPHONEOS_DEPLOYMENT_TARGET = 12.2;
				MTL_ENABLE_DEBUG_INFO = NO;
				MTL_FAST_MATH = YES;
				SDKROOT = iphoneos;
				VALIDATE_PRODUCT = YES;
			};
			name = Release;
		};
		85C879DA226B0609004504BE /* Debug */ = {
			isa = XCBuildConfiguration;
			buildSettings = {
				ASSETCATALOG_COMPILER_APPICON_NAME = AppIcon;
				CODE_SIGN_STYLE = Manual;
				DEVELOPMENT_TEAM = "";
				INFOPLIST_FILE = Demo02/Info.plist;
				IPHONEOS_DEPLOYMENT_TARGET = 9.0;
				LD_RUNPATH_SEARCH_PATHS = (
					"$(inherited)",
					"@executable_path/Frameworks",
				);
				PRODUCT_BUNDLE_IDENTIFIER = com.jy.t11;
				PRODUCT_NAME = "$(TARGET_NAME)";
				PROVISIONING_PROFILE_SPECIFIER = "";
				TARGETED_DEVICE_FAMILY = "1,2";
			};
			name = Debug;
		};
		85C879DB226B0609004504BE /* Release */ = {
			isa = XCBuildConfiguration;
			buildSettings = {
				ASSETCATALOG_COMPILER_APPICON_NAME = AppIcon;
				CODE_SIGN_STYLE = Manual;
				DEVELOPMENT_TEAM = "";
				INFOPLIST_FILE = Demo02/Info.plist;
				IPHONEOS_DEPLOYMENT_TARGET = 9.0;
				LD_RUNPATH_SEARCH_PATHS = (
					"$(inherited)",
					"@executable_path/Frameworks",
				);
				PRODUCT_BUNDLE_IDENTIFIER = com.jy.t11;
				PRODUCT_NAME = "$(TARGET_NAME)";
				PROVISIONING_PROFILE_SPECIFIER = "";
				TARGETED_DEVICE_FAMILY = "1,2";
			};
			name = Release;
		};
		85C879DD226B0609004504BE /* Debug */ = {
			isa = XCBuildConfiguration;
			buildSettings = {
				BUNDLE_LOADER = "$(TEST_HOST)";
				CODE_SIGN_STYLE = Automatic;
				INFOPLIST_FILE = Demo02Tests/Info.plist;
				LD_RUNPATH_SEARCH_PATHS = (
					"$(inherited)",
					"@executable_path/Frameworks",
					"@loader_path/Frameworks",
				);
				PRODUCT_BUNDLE_IDENTIFIER = com.jy.t11.Demo02Tests;
				PRODUCT_NAME = "$(TARGET_NAME)";
				TARGETED_DEVICE_FAMILY = "1,2";
				TEST_HOST = "$(BUILT_PRODUCTS_DIR)/Demo02.app/Demo02";
			};
			name = Debug;
		};
		85C879DE226B0609004504BE /* Release */ = {
			isa = XCBuildConfiguration;
			buildSettings = {
				BUNDLE_LOADER = "$(TEST_HOST)";
				CODE_SIGN_STYLE = Automatic;
				INFOPLIST_FILE = Demo02Tests/Info.plist;
				LD_RUNPATH_SEARCH_PATHS = (
					"$(inherited)",
					"@executable_path/Frameworks",
					"@loader_path/Frameworks",
				);
				PRODUCT_BUNDLE_IDENTIFIER = com.jy.t11.Demo02Tests;
				PRODUCT_NAME = "$(TARGET_NAME)";
				TARGETED_DEVICE_FAMILY = "1,2";
				TEST_HOST = "$(BUILT_PRODUCTS_DIR)/Demo02.app/Demo02";
			};
			name = Release;
		};
		85C879E0226B0609004504BE /* Debug */ = {
			isa = XCBuildConfiguration;
			buildSettings = {
				CODE_SIGN_STYLE = Automatic;
				INFOPLIST_FILE = Demo02UITests/Info.plist;
				LD_RUNPATH_SEARCH_PATHS = (
					"$(inherited)",
					"@executable_path/Frameworks",
					"@loader_path/Frameworks",
				);
				PRODUCT_BUNDLE_IDENTIFIER = com.jy.t11.Demo02UITests;
				PRODUCT_NAME = "$(TARGET_NAME)";
				TARGETED_DEVICE_FAMILY = "1,2";
				TEST_TARGET_NAME = Demo02;
			};
			name = Debug;
		};
		85C879E1226B0609004504BE /* Release */ = {
			isa = XCBuildConfiguration;
			buildSettings = {
				CODE_SIGN_STYLE = Automatic;
				INFOPLIST_FILE = Demo02UITests/Info.plist;
				LD_RUNPATH_SEARCH_PATHS = (
					"$(inherited)",
					"@executable_path/Frameworks",
					"@loader_path/Frameworks",
				);
				PRODUCT_BUNDLE_IDENTIFIER = com.jy.t11.Demo02UITests;
				PRODUCT_NAME = "$(TARGET_NAME)";
				TARGETED_DEVICE_FAMILY = "1,2";
				TEST_TARGET_NAME = Demo02;
			};
			name = Release;
		};
/* End XCBuildConfiguration section */

/* Begin XCConfigurationList section */
		85C879A8226B0608004504BE /* Build configuration list for PBXProject "Demo02" */ = {
			isa = XCConfigurationList;
			buildConfigurations = (
				85C879D7226B0609004504BE /* Debug */,
				85C879D8226B0609004504BE /* Release */,
			);
			defaultConfigurationIsVisible = 0;
			defaultConfigurationName = Release;
		};
		85C879D9226B0609004504BE /* Build configuration list for PBXNativeTarget "Demo02" */ = {
			isa = XCConfigurationList;
			buildConfigurations = (
				85C879DA226B0609004504BE /* Debug */,
				85C879DB226B0609004504BE /* Release */,
			);
			defaultConfigurationIsVisible = 0;
			defaultConfigurationName = Release;
		};
		85C879DC226B0609004504BE /* Build configuration list for PBXNativeTarget "Demo02Tests" */ = {
			isa = XCConfigurationList;
			buildConfigurations = (
				85C879DD226B0609004504BE /* Debug */,
				85C879DE226B0609004504BE /* Release */,
			);
			defaultConfigurationIsVisible = 0;
			defaultConfigurationName = Release;
		};
		85C879DF226B0609004504BE /* Build configuration list for PBXNativeTarget "Demo02UITests" */ = {
			isa = XCConfigurationList;
			buildConfigurations = (
				85C879E0226B0609004504BE /* Debug */,
				85C879E1226B0609004504BE /* Release */,
			);
			defaultConfigurationIsVisible = 0;
			defaultConfigurationName = Release;
		};
/* End XCConfigurationList section */
	};
	rootObject = 85C879A5226B0608004504BE /* Project object */;
}
